
Microsoft Visual Studio Solution File, Format Version 12.00
# Visual Studio Version 17
VisualStudioVersion = 17.14.36414.22 d17.14
MinimumVisualStudioVersion = 10.0.40219.1
Project("{FAE04EC0-301F-11D3-BF4B-00C04F79EFBC}") = "GeometryApp", "GeometryApp\GeometryApp.csproj", "{B144D821-E3C8-4FE5-AD46-27488F607BA6}"
EndProject
Project("{FAE04EC0-301F-11D3-BF4B-00C04F79EFBC}") = "GeometryAppTests", "GeometryAppTests\GeometryAppTests.csproj", "{AC254B08-98C4-4DAA-8B76-5DCC5DEA79ED}"
EndProject
Global
	GlobalSection(SolutionConfigurationPlatforms) = preSolution
		Debug|Any CPU = Debug|Any CPU
		Release|Any CPU = Release|Any CPU
	EndGlobalSection
	GlobalSection(ProjectConfigurationPlatforms) = postSolution
		{B144D821-E3C8-4FE5-AD46-27488F607BA6}.Debug|Any CPU.ActiveCfg = Debug|Any CPU
		{B144D821-E3C8-4FE5-AD46-27488F607BA6}.Debug|Any CPU.Build.0 = Debug|Any CPU
		{B144D821-E3C8-4FE5-AD46-27488F607BA6}.Release|Any CPU.ActiveCfg = Release|Any CPU
		{B144D821-E3C8-4FE5-AD46-27488F607BA6}.Release|Any CPU.Build.0 = Release|Any CPU
		{AC254B08-98C4-4DAA-8B76-5DCC5DEA79ED}.Debug|Any CPU.ActiveCfg = Debug|Any CPU
		{AC254B08-98C4-4DAA-8B76-5DCC5DEA79ED}.Debug|Any CPU.Build.0 = Debug|Any CPU
		{AC254B08-98C4-4DAA-8B76-5DCC5DEA79ED}.Release|Any CPU.ActiveCfg = Release|Any CPU
		{AC254B08-98C4-4DAA-8B76-5DCC5DEA79ED}.Release|Any CPU.Build.0 = Release|Any CPU
	EndGlobalSection
	GlobalSection(SolutionProperties) = preSolution
		HideSolutionNode = FALSE
	EndGlobalSection
	GlobalSection(ExtensibilityGlobals) = postSolution
		SolutionGuid = {A8D8C5BD-303E-4220-A9A3-3A4CB147792F}
	EndGlobalSection
EndGlobal
